
Microsoft Visual Studio Solution File, Format Version 12.00
# Visual Studio Version 17
VisualStudioVersion = 17.14.37628.2 d17.14
MinimumVisualStudioVersion = 10.0.40219.1
Project("{FAE04EC0-301F-11D3-BF4B-00C04F79EFBC}") = "IT4B_2026", "IT4B_2026\IT4B_2026.csproj", "{DE14EF4A-6140-4F78-8BCD-567CB7C6228A}"
EndProject
Global
	GlobalSection(SolutionConfigurationPlatforms) = preSolution
		Debug|Any CPU = Debug|Any CPU
		Release|Any CPU = Release|Any CPU
	EndGlobalSection
	GlobalSection(ProjectConfigurationPlatforms) = postSolution
		{DE14EF4A-6140-4F78-8BCD-567CB7C6228A}.Debug|Any CPU.ActiveCfg = Debug|Any CPU
		{DE14EF4A-6140-4F78-8BCD-567CB7C6228A}.Debug|Any CPU.Build.0 = Debug|Any CPU
		{DE14EF4A-6140-4F78-8BCD-567CB7C6228A}.Release|Any CPU.ActiveCfg = Release|Any CPU
		{DE14EF4A-6140-4F78-8BCD-567CB7C6228A}.Release|Any CPU.Build.0 = Release|Any CPU
	EndGlobalSection
	GlobalSection(SolutionProperties) = preSolution
		HideSolutionNode = FALSE
	EndGlobalSection
	GlobalSection(ExtensibilityGlobals) = postSolution
		SolutionGuid = {A71B5CB9-9D8A-4086-8462-5FA4B60393D3}
	EndGlobalSection
EndGlobal
